{
	"name": "@tashmet/http",
	"version": "1.0.0-alpha.0",
	"lockfileVersion": 3,
	"requires": true,
	"packages": {
		"": {
			"name": "@tashmet/http",
			"version": "0.1.0",
			"license": "MIT",
			"devDependencies": {
				"@types/node": "^20.5.3"
			}
		},
		"node_modules/@types/node": {
			"version": "20.8.4",
			"resolved": "https://registry.npmjs.org/@types/node/-/node-20.8.4.tgz",
			"integrity": "sha512-ZVPnqU58giiCjSxjVUESDtdPk4QR5WQhhINbc9UBrKLU68MX5BF6kbQzTrkwbolyr0X8ChBpXfavr5mZFKZQ5A==",
			"dev": true,
			"dependencies": {
				"undici-types": "~5.25.1"
			}
		},
		"node_modules/@types/node/node_modules/undici-types": {
			"version": "5.25.3",
			"resolved": "https://registry.npmjs.org/undici-types/-/undici-types-5.25.3.tgz",
			"integrity": "sha512-Ga1jfYwRn7+cP9v8auvEXN1rX3sWqlayd4HP7OKk4mZWylEmu3KzXDUGrQUN6Ol7qo1gPvB2e5gX6udnyEPgdA==",
			"dev": true
		}
	}
}
