{
	"name": "@ziqquratu/socket",
	"version": "0.1.0",
	"lockfileVersion": 2,
	"requires": true,
	"packages": {
		"": {
			"name": "@ziqquratu/socket",
			"version": "0.1.0",
			"license": "MIT",
			"dependencies": {
				"eventemitter3": "^3.0.0",
				"socket.io-client": "^2.3.0"
			},
			"devDependencies": {
				"@types/node": "^13.1.8",
				"@types/reflect-metadata": "^0.1.0",
				"tslib": "^2.3.1"
			}
		},
		"node_modules/@types/node": {
			"version": "13.13.52",
			"resolved": "https://registry.npmjs.org/@types/node/-/node-13.13.52.tgz",
			"integrity": "sha512-s3nugnZumCC//n4moGGe6tkNMyYEdaDBitVjwPxXmR5lnMG5dHePinH2EdxkG3Rh1ghFHHixAG4NJhpJW1rthQ==",
			"dev": true
		},
		"node_modules/@types/reflect-metadata": {
			"version": "0.1.0",
			"resolved": "https://registry.npmjs.org/@types/reflect-metadata/-/reflect-metadata-0.1.0.tgz",
			"integrity": "sha512-bXltFLY3qhzCnVYP5iUpeSICagQ8rc9K2liS+8M0lBcz54BHs3O6W5UvqespVSuebo1BXLi+/y9ioELAW9SC2A==",
			"deprecated": "This is a stub types definition for reflect-metadata (https://github.com/rbuckton/ReflectDecorators). reflect-metadata provides its own type definitions, so you don't need @types/reflect-metadata installed!",
			"dev": true,
			"dependencies": {
				"reflect-metadata": "*"
			}
		},
		"node_modules/after": {
			"version": "0.8.2",
			"license": "MIT"
		},
		"node_modules/arraybuffer.slice": {
			"version": "0.0.7",
			"license": "MIT"
		},
		"node_modules/backo2": {
			"version": "1.0.2",
			"license": "MIT"
		},
		"node_modules/base64-arraybuffer": {
			"version": "0.1.4",
			"engines": {
				"node": ">= 0.6.0"
			}
		},
		"node_modules/blob": {
			"version": "0.0.5",
			"license": "MIT"
		},
		"node_modules/component-bind": {
			"version": "1.0.0"
		},
		"node_modules/component-emitter": {
			"version": "1.3.0",
			"license": "MIT"
		},
		"node_modules/component-inherit": {
			"version": "0.0.3"
		},
		"node_modules/debug": {
			"version": "3.1.0",
			"license": "MIT",
			"dependencies": {
				"ms": "2.0.0"
			}
		},
		"node_modules/engine.io-client": {
			"version": "3.5.2",
			"resolved": "https://registry.npmjs.org/engine.io-client/-/engine.io-client-3.5.2.tgz",
			"integrity": "sha512-QEqIp+gJ/kMHeUun7f5Vv3bteRHppHH/FMBQX/esFj/fuYfjyUKWGMo3VCvIP/V8bE9KcjHmRZrhIz2Z9oNsDA==",
			"dependencies": {
				"component-emitter": "~1.3.0",
				"component-inherit": "0.0.3",
				"debug": "~3.1.0",
				"engine.io-parser": "~2.2.0",
				"has-cors": "1.1.0",
				"indexof": "0.0.1",
				"parseqs": "0.0.6",
				"parseuri": "0.0.6",
				"ws": "~7.4.2",
				"xmlhttprequest-ssl": "~1.6.2",
				"yeast": "0.1.2"
			}
		},
		"node_modules/engine.io-parser": {
			"version": "2.2.1",
			"resolved": "https://registry.npmjs.org/engine.io-parser/-/engine.io-parser-2.2.1.tgz",
			"integrity": "sha512-x+dN/fBH8Ro8TFwJ+rkB2AmuVw9Yu2mockR/p3W8f8YtExwFgDvBDi0GWyb4ZLkpahtDGZgtr3zLovanJghPqg==",
			"dependencies": {
				"after": "0.8.2",
				"arraybuffer.slice": "~0.0.7",
				"base64-arraybuffer": "0.1.4",
				"blob": "0.0.5",
				"has-binary2": "~1.0.2"
			}
		},
		"node_modules/eventemitter3": {
			"version": "3.1.2",
			"resolved": "https://registry.npmjs.org/eventemitter3/-/eventemitter3-3.1.2.tgz",
			"integrity": "sha512-tvtQIeLVHjDkJYnzf2dgVMxfuSGJeM/7UCG17TT4EumTfNtF+0nebF/4zWOIkCreAbtNqhGEboB6BWrwqNaw4Q=="
		},
		"node_modules/has-binary2": {
			"version": "1.0.3",
			"license": "MIT",
			"dependencies": {
				"isarray": "2.0.1"
			}
		},
		"node_modules/has-cors": {
			"version": "1.1.0",
			"license": "MIT"
		},
		"node_modules/indexof": {
			"version": "0.0.1"
		},
		"node_modules/isarray": {
			"version": "2.0.1",
			"license": "MIT"
		},
		"node_modules/ms": {
			"version": "2.0.0",
			"license": "MIT"
		},
		"node_modules/parseqs": {
			"version": "0.0.6",
			"license": "MIT"
		},
		"node_modules/parseuri": {
			"version": "0.0.6",
			"license": "MIT"
		},
		"node_modules/reflect-metadata": {
			"version": "0.1.13",
			"dev": true,
			"license": "Apache-2.0"
		},
		"node_modules/socket.io-client": {
			"version": "2.4.0",
			"resolved": "https://registry.npmjs.org/socket.io-client/-/socket.io-client-2.4.0.tgz",
			"integrity": "sha512-M6xhnKQHuuZd4Ba9vltCLT9oa+YvTsP8j9NcEiLElfIg8KeYPyhWOes6x4t+LTAC8enQbE/995AdTem2uNyKKQ==",
			"dependencies": {
				"backo2": "1.0.2",
				"component-bind": "1.0.0",
				"component-emitter": "~1.3.0",
				"debug": "~3.1.0",
				"engine.io-client": "~3.5.0",
				"has-binary2": "~1.0.2",
				"indexof": "0.0.1",
				"parseqs": "0.0.6",
				"parseuri": "0.0.6",
				"socket.io-parser": "~3.3.0",
				"to-array": "0.1.4"
			}
		},
		"node_modules/socket.io-parser": {
			"version": "3.3.2",
			"resolved": "https://registry.npmjs.org/socket.io-parser/-/socket.io-parser-3.3.2.tgz",
			"integrity": "sha512-FJvDBuOALxdCI9qwRrO/Rfp9yfndRtc1jSgVgV8FDraihmSP/MLGD5PEuJrNfjALvcQ+vMDM/33AWOYP/JSjDg==",
			"dependencies": {
				"component-emitter": "~1.3.0",
				"debug": "~3.1.0",
				"isarray": "2.0.1"
			}
		},
		"node_modules/to-array": {
			"version": "0.1.4"
		},
		"node_modules/tslib": {
			"version": "2.3.1",
			"resolved": "https://registry.npmjs.org/tslib/-/tslib-2.3.1.tgz",
			"integrity": "sha512-77EbyPPpMz+FRFRuAFlWMtmgUWGe9UOG2Z25NqCwiIjRhOf5iKGuzSe5P2w1laq+FkRy4p+PCuVkJSGkzTEKVw==",
			"dev": true
		},
		"node_modules/ws": {
			"version": "7.4.6",
			"resolved": "https://registry.npmjs.org/ws/-/ws-7.4.6.tgz",
			"integrity": "sha512-YmhHDO4MzaDLB+M9ym/mDA5z0naX8j7SIlT8f8z+I0VtzsRbekxEutHSme7NPS2qE8StCYQNUnfWdXta/Yu85A==",
			"engines": {
				"node": ">=8.3.0"
			},
			"peerDependencies": {
				"bufferutil": "^4.0.1",
				"utf-8-validate": "^5.0.2"
			},
			"peerDependenciesMeta": {
				"bufferutil": {
					"optional": true
				},
				"utf-8-validate": {
					"optional": true
				}
			}
		},
		"node_modules/xmlhttprequest-ssl": {
			"version": "1.6.3",
			"resolved": "https://registry.npmjs.org/xmlhttprequest-ssl/-/xmlhttprequest-ssl-1.6.3.tgz",
			"integrity": "sha512-3XfeQE/wNkvrIktn2Kf0869fC0BN6UpydVasGIeSm2B1Llihf7/0UfZM+eCkOw3P7bP4+qPgqhm7ZoxuJtFU0Q==",
			"engines": {
				"node": ">=0.4.0"
			}
		},
		"node_modules/yeast": {
			"version": "0.1.2",
			"license": "MIT"
		}
	},
	"dependencies": {
		"@types/node": {
			"version": "13.13.52",
			"resolved": "https://registry.npmjs.org/@types/node/-/node-13.13.52.tgz",
			"integrity": "sha512-s3nugnZumCC//n4moGGe6tkNMyYEdaDBitVjwPxXmR5lnMG5dHePinH2EdxkG3Rh1ghFHHixAG4NJhpJW1rthQ==",
			"dev": true
		},
		"@types/reflect-metadata": {
			"version": "0.1.0",
			"resolved": "https://registry.npmjs.org/@types/reflect-metadata/-/reflect-metadata-0.1.0.tgz",
			"integrity": "sha512-bXltFLY3qhzCnVYP5iUpeSICagQ8rc9K2liS+8M0lBcz54BHs3O6W5UvqespVSuebo1BXLi+/y9ioELAW9SC2A==",
			"dev": true,
			"requires": {
				"reflect-metadata": "*"
			}
		},
		"after": {
			"version": "0.8.2"
		},
		"arraybuffer.slice": {
			"version": "0.0.7"
		},
		"backo2": {
			"version": "1.0.2"
		},
		"base64-arraybuffer": {
			"version": "0.1.4"
		},
		"blob": {
			"version": "0.0.5"
		},
		"component-bind": {
			"version": "1.0.0"
		},
		"component-emitter": {
			"version": "1.3.0"
		},
		"component-inherit": {
			"version": "0.0.3"
		},
		"debug": {
			"version": "3.1.0",
			"requires": {
				"ms": "2.0.0"
			}
		},
		"engine.io-client": {
			"version": "3.5.2",
			"resolved": "https://registry.npmjs.org/engine.io-client/-/engine.io-client-3.5.2.tgz",
			"integrity": "sha512-QEqIp+gJ/kMHeUun7f5Vv3bteRHppHH/FMBQX/esFj/fuYfjyUKWGMo3VCvIP/V8bE9KcjHmRZrhIz2Z9oNsDA==",
			"requires": {
				"component-emitter": "~1.3.0",
				"component-inherit": "0.0.3",
				"debug": "~3.1.0",
				"engine.io-parser": "~2.2.0",
				"has-cors": "1.1.0",
				"indexof": "0.0.1",
				"parseqs": "0.0.6",
				"parseuri": "0.0.6",
				"ws": "~7.4.2",
				"xmlhttprequest-ssl": "~1.6.2",
				"yeast": "0.1.2"
			}
		},
		"engine.io-parser": {
			"version": "2.2.1",
			"resolved": "https://registry.npmjs.org/engine.io-parser/-/engine.io-parser-2.2.1.tgz",
			"integrity": "sha512-x+dN/fBH8Ro8TFwJ+rkB2AmuVw9Yu2mockR/p3W8f8YtExwFgDvBDi0GWyb4ZLkpahtDGZgtr3zLovanJghPqg==",
			"requires": {
				"after": "0.8.2",
				"arraybuffer.slice": "~0.0.7",
				"base64-arraybuffer": "0.1.4",
				"blob": "0.0.5",
				"has-binary2": "~1.0.2"
			}
		},
		"eventemitter3": {
			"version": "3.1.2",
			"resolved": "https://registry.npmjs.org/eventemitter3/-/eventemitter3-3.1.2.tgz",
			"integrity": "sha512-tvtQIeLVHjDkJYnzf2dgVMxfuSGJeM/7UCG17TT4EumTfNtF+0nebF/4zWOIkCreAbtNqhGEboB6BWrwqNaw4Q=="
		},
		"has-binary2": {
			"version": "1.0.3",
			"requires": {
				"isarray": "2.0.1"
			}
		},
		"has-cors": {
			"version": "1.1.0"
		},
		"indexof": {
			"version": "0.0.1"
		},
		"isarray": {
			"version": "2.0.1"
		},
		"ms": {
			"version": "2.0.0"
		},
		"parseqs": {
			"version": "0.0.6"
		},
		"parseuri": {
			"version": "0.0.6"
		},
		"reflect-metadata": {
			"version": "0.1.13",
			"dev": true
		},
		"socket.io-client": {
			"version": "2.4.0",
			"resolved": "https://registry.npmjs.org/socket.io-client/-/socket.io-client-2.4.0.tgz",
			"integrity": "sha512-M6xhnKQHuuZd4Ba9vltCLT9oa+YvTsP8j9NcEiLElfIg8KeYPyhWOes6x4t+LTAC8enQbE/995AdTem2uNyKKQ==",
			"requires": {
				"backo2": "1.0.2",
				"component-bind": "1.0.0",
				"component-emitter": "~1.3.0",
				"debug": "~3.1.0",
				"engine.io-client": "~3.5.0",
				"has-binary2": "~1.0.2",
				"indexof": "0.0.1",
				"parseqs": "0.0.6",
				"parseuri": "0.0.6",
				"socket.io-parser": "~3.3.0",
				"to-array": "0.1.4"
			}
		},
		"socket.io-parser": {
			"version": "3.3.2",
			"resolved": "https://registry.npmjs.org/socket.io-parser/-/socket.io-parser-3.3.2.tgz",
			"integrity": "sha512-FJvDBuOALxdCI9qwRrO/Rfp9yfndRtc1jSgVgV8FDraihmSP/MLGD5PEuJrNfjALvcQ+vMDM/33AWOYP/JSjDg==",
			"requires": {
				"component-emitter": "~1.3.0",
				"debug": "~3.1.0",
				"isarray": "2.0.1"
			}
		},
		"to-array": {
			"version": "0.1.4"
		},
		"tslib": {
			"version": "2.3.1",
			"resolved": "https://registry.npmjs.org/tslib/-/tslib-2.3.1.tgz",
			"integrity": "sha512-77EbyPPpMz+FRFRuAFlWMtmgUWGe9UOG2Z25NqCwiIjRhOf5iKGuzSe5P2w1laq+FkRy4p+PCuVkJSGkzTEKVw==",
			"dev": true
		},
		"ws": {
			"version": "7.4.6",
			"resolved": "https://registry.npmjs.org/ws/-/ws-7.4.6.tgz",
			"integrity": "sha512-YmhHDO4MzaDLB+M9ym/mDA5z0naX8j7SIlT8f8z+I0VtzsRbekxEutHSme7NPS2qE8StCYQNUnfWdXta/Yu85A==",
			"requires": {}
		},
		"xmlhttprequest-ssl": {
			"version": "1.6.3",
			"resolved": "https://registry.npmjs.org/xmlhttprequest-ssl/-/xmlhttprequest-ssl-1.6.3.tgz",
			"integrity": "sha512-3XfeQE/wNkvrIktn2Kf0869fC0BN6UpydVasGIeSm2B1Llihf7/0UfZM+eCkOw3P7bP4+qPgqhm7ZoxuJtFU0Q=="
		},
		"yeast": {
			"version": "0.1.2"
		}
	}
}
