{
	"name": "@ziqquratu/pipe",
	"version": "1.3.1",
	"lockfileVersion": 2,
	"requires": true,
	"packages": {
		"": {
			"name": "@ziqquratu/pipe",
			"version": "1.3.1",
			"license": "MIT",
			"dependencies": {
				"@types/reflect-metadata": "^0.1.0",
				"mingo": "^4.1.1"
			},
			"devDependencies": {
				"@types/node": "^13.1.8"
			}
		},
		"node_modules/@types/node": {
			"version": "13.7.4",
			"resolved": "https://registry.npmjs.org/@types/node/-/node-13.7.4.tgz",
			"integrity": "sha512-oVeL12C6gQS/GAExndigSaLxTrKpQPxewx9bOcwfvJiJge4rr7wNaph4J+ns5hrmIV2as5qxqN8YKthn9qh0jw==",
			"dev": true
		},
		"node_modules/@types/reflect-metadata": {
			"version": "0.1.0",
			"resolved": "https://registry.npmjs.org/@types/reflect-metadata/-/reflect-metadata-0.1.0.tgz",
			"integrity": "sha512-bXltFLY3qhzCnVYP5iUpeSICagQ8rc9K2liS+8M0lBcz54BHs3O6W5UvqespVSuebo1BXLi+/y9ioELAW9SC2A==",
			"deprecated": "This is a stub types definition for reflect-metadata (https://github.com/rbuckton/ReflectDecorators). reflect-metadata provides its own type definitions, so you don't need @types/reflect-metadata installed!",
			"dependencies": {
				"reflect-metadata": "*"
			}
		},
		"node_modules/mingo": {
			"version": "4.1.1",
			"resolved": "https://registry.npmjs.org/mingo/-/mingo-4.1.1.tgz",
			"integrity": "sha512-h7Z80GC1RFp7NyECjY7j7wQn6wQ40ogpG3sddYcbIsvwTfSKUnHIqNw+bdfirgNC2I6Nb9vx2zdaklKg3LyTDg=="
		},
		"node_modules/reflect-metadata": {
			"version": "0.1.13",
			"resolved": "https://registry.npmjs.org/reflect-metadata/-/reflect-metadata-0.1.13.tgz",
			"integrity": "sha512-Ts1Y/anZELhSsjMcU605fU9RE4Oi3p5ORujwbIKXfWa+0Zxs510Qrmrce5/Jowq3cHSZSJqBjypxmHarc+vEWg=="
		}
	},
	"dependencies": {
		"@types/node": {
			"version": "13.7.4",
			"resolved": "https://registry.npmjs.org/@types/node/-/node-13.7.4.tgz",
			"integrity": "sha512-oVeL12C6gQS/GAExndigSaLxTrKpQPxewx9bOcwfvJiJge4rr7wNaph4J+ns5hrmIV2as5qxqN8YKthn9qh0jw==",
			"dev": true
		},
		"@types/reflect-metadata": {
			"version": "0.1.0",
			"resolved": "https://registry.npmjs.org/@types/reflect-metadata/-/reflect-metadata-0.1.0.tgz",
			"integrity": "sha512-bXltFLY3qhzCnVYP5iUpeSICagQ8rc9K2liS+8M0lBcz54BHs3O6W5UvqespVSuebo1BXLi+/y9ioELAW9SC2A==",
			"requires": {
				"reflect-metadata": "*"
			}
		},
		"mingo": {
			"version": "4.1.1",
			"resolved": "https://registry.npmjs.org/mingo/-/mingo-4.1.1.tgz",
			"integrity": "sha512-h7Z80GC1RFp7NyECjY7j7wQn6wQ40ogpG3sddYcbIsvwTfSKUnHIqNw+bdfirgNC2I6Nb9vx2zdaklKg3LyTDg=="
		},
		"reflect-metadata": {
			"version": "0.1.13",
			"resolved": "https://registry.npmjs.org/reflect-metadata/-/reflect-metadata-0.1.13.tgz",
			"integrity": "sha512-Ts1Y/anZELhSsjMcU605fU9RE4Oi3p5ORujwbIKXfWa+0Zxs510Qrmrce5/Jowq3cHSZSJqBjypxmHarc+vEWg=="
		}
	}
}
