{
  "name": "@tashmet/tashmet",
  "version": "1.0.0-alpha.8",
  "lockfileVersion": 3,
  "requires": true,
  "packages": {
    "": {
      "name": "@tashmet/tashmet",
      "version": "1.0.0-alpha.8",
      "license": "MIT",
      "dependencies": {
        "@types/reflect-metadata": "^0.1.0",
        "bson-objectid": "^2.0.4",
        "eventemitter3": "^5.0.1"
      },
      "devDependencies": {
        "@types/node": "^20.5.3"
      }
    },
    "../core": {
      "name": "@tashmet/core",
      "version": "1.0.0-alpha.0",
      "extraneous": true,
      "license": "MIT",
      "dependencies": {
        "reflect-metadata": "^0.1.13",
        "tslib": "^2.3.1"
      },
      "devDependencies": {
        "@types/node": "^20.5.3",
        "@types/reflect-metadata": "^0.1.0"
      }
    },
    "node_modules/@types/node": {
      "version": "20.9.2",
      "resolved": "https://registry.npmjs.org/@types/node/-/node-20.9.2.tgz",
      "integrity": "sha512-WHZXKFCEyIUJzAwh3NyyTHYSR35SevJ6mZ1nWwJafKtiQbqRTIKSRcw3Ma3acqgsent3RRDqeVwpHntMk+9irg==",
      "dev": true,
      "dependencies": {
        "undici-types": "~5.26.4"
      }
    },
    "node_modules/@types/reflect-metadata": {
      "version": "0.1.0",
      "resolved": "https://registry.npmjs.org/@types/reflect-metadata/-/reflect-metadata-0.1.0.tgz",
      "integrity": "sha512-bXltFLY3qhzCnVYP5iUpeSICagQ8rc9K2liS+8M0lBcz54BHs3O6W5UvqespVSuebo1BXLi+/y9ioELAW9SC2A==",
      "deprecated": "This is a stub types definition for reflect-metadata (https://github.com/rbuckton/ReflectDecorators). reflect-metadata provides its own type definitions, so you don't need @types/reflect-metadata installed!",
      "dependencies": {
        "reflect-metadata": "*"
      }
    },
    "node_modules/bson-objectid": {
      "version": "2.0.4",
      "resolved": "https://registry.npmjs.org/bson-objectid/-/bson-objectid-2.0.4.tgz",
      "integrity": "sha512-vgnKAUzcDoa+AeyYwXCoHyF2q6u/8H46dxu5JN+4/TZeq/Dlinn0K6GvxsCLb3LHUJl0m/TLiEK31kUwtgocMQ=="
    },
    "node_modules/eventemitter3": {
      "version": "5.0.1",
      "resolved": "https://registry.npmjs.org/eventemitter3/-/eventemitter3-5.0.1.tgz",
      "integrity": "sha512-GWkBvjiSZK87ELrYOSESUYeVIc9mvLLf/nXalMOS5dYrgZq9o5OVkbZAVM06CVxYsCwH9BDZFPlQTlPA1j4ahA=="
    },
    "node_modules/reflect-metadata": {
      "version": "0.1.13",
      "license": "Apache-2.0"
    },
    "node_modules/undici-types": {
      "version": "5.26.5",
      "resolved": "https://registry.npmjs.org/undici-types/-/undici-types-5.26.5.tgz",
      "integrity": "sha512-JlCMO+ehdEIKqlFxk6IfVoAUVmgz7cU7zD/h9XZ0qzeosSHmUJVOzSQvvYSYWXkFXC+IfLKSIffhv0sVZup6pA==",
      "dev": true
    }
  }
}
