{
	"name": "@ziqquratu/schema",
	"version": "1.3.3",
	"lockfileVersion": 2,
	"requires": true,
	"packages": {
		"": {
			"name": "@ziqquratu/schema",
			"version": "1.3.3",
			"license": "MIT",
			"dependencies": {
				"mingo": "^4.1.1"
			}
		},
		"node_modules/mingo": {
			"version": "4.1.1",
			"resolved": "https://registry.npmjs.org/mingo/-/mingo-4.1.1.tgz",
			"integrity": "sha512-h7Z80GC1RFp7NyECjY7j7wQn6wQ40ogpG3sddYcbIsvwTfSKUnHIqNw+bdfirgNC2I6Nb9vx2zdaklKg3LyTDg=="
		}
	},
	"dependencies": {
		"mingo": {
			"version": "4.1.1",
			"resolved": "https://registry.npmjs.org/mingo/-/mingo-4.1.1.tgz",
			"integrity": "sha512-h7Z80GC1RFp7NyECjY7j7wQn6wQ40ogpG3sddYcbIsvwTfSKUnHIqNw+bdfirgNC2I6Nb9vx2zdaklKg3LyTDg=="
		}
	}
}
