{
	"name": "@tashmet/schema",
	"version": "1.0.0-alpha.3",
	"lockfileVersion": 3,
	"requires": true,
	"packages": {
		"": {
			"name": "@tashmet/schema",
			"version": "1.0.0-alpha.0",
			"license": "MIT",
			"devDependencies": {
				"@types/node": "20.5.3"
			}
		},
		"node_modules/@types/node": {
			"version": "20.5.3",
			"resolved": "https://registry.npmjs.org/@types/node/-/node-20.5.3.tgz",
			"integrity": "sha512-ITI7rbWczR8a/S6qjAW7DMqxqFMjjTo61qZVWJ1ubPvbIQsL5D/TvwjYEalM8Kthpe3hTzOGrF2TGbAu2uyqeA==",
			"dev": true
		}
	}
}
