{
	"name": "@ziqquratu/database",
	"version": "1.3.1",
	"lockfileVersion": 2,
	"requires": true,
	"packages": {
		"": {
			"name": "@ziqquratu/database",
			"version": "1.3.1",
			"license": "MIT",
			"dependencies": {
				"assign-deep": "^1.0.1",
				"bson-objectid": "^1.3.0",
				"eventemitter3": "^3.0.0",
				"mingo": "4.1.4"
			},
			"devDependencies": {
				"@types/node": "^13.1.8",
				"@types/reflect-metadata": "^0.1.0",
				"tslib": "^2.3.1"
			}
		},
		"node_modules/@types/node": {
			"version": "13.5.0",
			"resolved": "https://registry.npmjs.org/@types/node/-/node-13.5.0.tgz",
			"integrity": "sha512-Onhn+z72D2O2Pb2ql2xukJ55rglumsVo1H6Fmyi8mlU9SvKdBk/pUSUAiBY/d9bAOF7VVWajX3sths/+g6ZiAQ==",
			"dev": true
		},
		"node_modules/@types/reflect-metadata": {
			"version": "0.1.0",
			"resolved": "https://registry.npmjs.org/@types/reflect-metadata/-/reflect-metadata-0.1.0.tgz",
			"integrity": "sha512-bXltFLY3qhzCnVYP5iUpeSICagQ8rc9K2liS+8M0lBcz54BHs3O6W5UvqespVSuebo1BXLi+/y9ioELAW9SC2A==",
			"dev": true,
			"dependencies": {
				"reflect-metadata": "*"
			}
		},
		"node_modules/assign-deep": {
			"version": "1.0.1",
			"resolved": "https://registry.npmjs.org/assign-deep/-/assign-deep-1.0.1.tgz",
			"integrity": "sha512-CSXAX79mibneEYfqLT5FEmkqR5WXF+xDRjgQQuVf6wSCXCYU8/vHttPidNar7wJ5BFmKAo8Wei0rCtzb+M/yeA==",
			"dependencies": {
				"assign-symbols": "^2.0.2"
			},
			"engines": {
				"node": ">=6"
			}
		},
		"node_modules/assign-symbols": {
			"version": "2.0.2",
			"resolved": "https://registry.npmjs.org/assign-symbols/-/assign-symbols-2.0.2.tgz",
			"integrity": "sha512-9sBQUQZMKFKcO/C3Bo6Rx4CQany0R0UeVcefNGRRdW2vbmaMOhV1sbmlXcQLcD56juLXbSGTBm0GGuvmrAF8pA=="
		},
		"node_modules/bson-objectid": {
			"version": "1.3.0",
			"resolved": "https://registry.npmjs.org/bson-objectid/-/bson-objectid-1.3.0.tgz",
			"integrity": "sha512-YcB+lRJEEEIcHNLKyhmHujW7OCVE3+xr9IpEhlprBZnXgF3hqeePeexIsAaOtu1SbkgZRlJVUxvYZ3ngUOyIew=="
		},
		"node_modules/eventemitter3": {
			"version": "3.1.2",
			"resolved": "https://registry.npmjs.org/eventemitter3/-/eventemitter3-3.1.2.tgz",
			"integrity": "sha512-tvtQIeLVHjDkJYnzf2dgVMxfuSGJeM/7UCG17TT4EumTfNtF+0nebF/4zWOIkCreAbtNqhGEboB6BWrwqNaw4Q=="
		},
		"node_modules/mingo": {
			"version": "4.1.4",
			"resolved": "https://registry.npmjs.org/mingo/-/mingo-4.1.4.tgz",
			"integrity": "sha512-Az1rWrQSoUegKAjzGXFU70Kxvb7xh5Ub2SXuVrQ439rpOKDZPiifGcnlsF6wd9EHXkUQR4Lo4WeClvZ7Y6eVPQ=="
		},
		"node_modules/reflect-metadata": {
			"version": "0.1.13",
			"resolved": "https://registry.npmjs.org/reflect-metadata/-/reflect-metadata-0.1.13.tgz",
			"integrity": "sha512-Ts1Y/anZELhSsjMcU605fU9RE4Oi3p5ORujwbIKXfWa+0Zxs510Qrmrce5/Jowq3cHSZSJqBjypxmHarc+vEWg==",
			"dev": true
		},
		"node_modules/tslib": {
			"version": "2.3.1",
			"resolved": "https://registry.npmjs.org/tslib/-/tslib-2.3.1.tgz",
			"integrity": "sha512-77EbyPPpMz+FRFRuAFlWMtmgUWGe9UOG2Z25NqCwiIjRhOf5iKGuzSe5P2w1laq+FkRy4p+PCuVkJSGkzTEKVw==",
			"dev": true
		}
	},
	"dependencies": {
		"@types/node": {
			"version": "13.5.0",
			"resolved": "https://registry.npmjs.org/@types/node/-/node-13.5.0.tgz",
			"integrity": "sha512-Onhn+z72D2O2Pb2ql2xukJ55rglumsVo1H6Fmyi8mlU9SvKdBk/pUSUAiBY/d9bAOF7VVWajX3sths/+g6ZiAQ==",
			"dev": true
		},
		"@types/reflect-metadata": {
			"version": "0.1.0",
			"resolved": "https://registry.npmjs.org/@types/reflect-metadata/-/reflect-metadata-0.1.0.tgz",
			"integrity": "sha512-bXltFLY3qhzCnVYP5iUpeSICagQ8rc9K2liS+8M0lBcz54BHs3O6W5UvqespVSuebo1BXLi+/y9ioELAW9SC2A==",
			"dev": true,
			"requires": {
				"reflect-metadata": "*"
			}
		},
		"assign-deep": {
			"version": "1.0.1",
			"resolved": "https://registry.npmjs.org/assign-deep/-/assign-deep-1.0.1.tgz",
			"integrity": "sha512-CSXAX79mibneEYfqLT5FEmkqR5WXF+xDRjgQQuVf6wSCXCYU8/vHttPidNar7wJ5BFmKAo8Wei0rCtzb+M/yeA==",
			"requires": {
				"assign-symbols": "^2.0.2"
			}
		},
		"assign-symbols": {
			"version": "2.0.2",
			"resolved": "https://registry.npmjs.org/assign-symbols/-/assign-symbols-2.0.2.tgz",
			"integrity": "sha512-9sBQUQZMKFKcO/C3Bo6Rx4CQany0R0UeVcefNGRRdW2vbmaMOhV1sbmlXcQLcD56juLXbSGTBm0GGuvmrAF8pA=="
		},
		"bson-objectid": {
			"version": "1.3.0",
			"resolved": "https://registry.npmjs.org/bson-objectid/-/bson-objectid-1.3.0.tgz",
			"integrity": "sha512-YcB+lRJEEEIcHNLKyhmHujW7OCVE3+xr9IpEhlprBZnXgF3hqeePeexIsAaOtu1SbkgZRlJVUxvYZ3ngUOyIew=="
		},
		"eventemitter3": {
			"version": "3.1.2",
			"resolved": "https://registry.npmjs.org/eventemitter3/-/eventemitter3-3.1.2.tgz",
			"integrity": "sha512-tvtQIeLVHjDkJYnzf2dgVMxfuSGJeM/7UCG17TT4EumTfNtF+0nebF/4zWOIkCreAbtNqhGEboB6BWrwqNaw4Q=="
		},
		"mingo": {
			"version": "4.1.4",
			"resolved": "https://registry.npmjs.org/mingo/-/mingo-4.1.4.tgz",
			"integrity": "sha512-Az1rWrQSoUegKAjzGXFU70Kxvb7xh5Ub2SXuVrQ439rpOKDZPiifGcnlsF6wd9EHXkUQR4Lo4WeClvZ7Y6eVPQ=="
		},
		"reflect-metadata": {
			"version": "0.1.13",
			"resolved": "https://registry.npmjs.org/reflect-metadata/-/reflect-metadata-0.1.13.tgz",
			"integrity": "sha512-Ts1Y/anZELhSsjMcU605fU9RE4Oi3p5ORujwbIKXfWa+0Zxs510Qrmrce5/Jowq3cHSZSJqBjypxmHarc+vEWg==",
			"dev": true
		},
		"tslib": {
			"version": "2.3.1",
			"resolved": "https://registry.npmjs.org/tslib/-/tslib-2.3.1.tgz",
			"integrity": "sha512-77EbyPPpMz+FRFRuAFlWMtmgUWGe9UOG2Z25NqCwiIjRhOf5iKGuzSe5P2w1laq+FkRy4p+PCuVkJSGkzTEKVw==",
			"dev": true
		}
	}
}
