{
	"name": "@ziqquratu/aggregation",
	"version": "1.0.1",
	"lockfileVersion": 2,
	"requires": true,
	"packages": {
		"": {
			"name": "@ziqquratu/aggregation",
			"version": "1.0.1",
			"license": "MIT",
			"dependencies": {
				"fast-deep-equal": "^3.1.1",
				"mingo": "2.4.0"
			},
			"devDependencies": {
				"@types/node": "^13.1.8"
			}
		},
		"node_modules/@types/node": {
			"version": "13.13.13",
			"resolved": "https://registry.npmjs.org/@types/node/-/node-13.13.13.tgz",
			"integrity": "sha512-UfvBE9oRCAJVzfR+3eWm/sdLFe/qroAPEXP3GPJ1SehQiEVgZT6NQZWYbPMiJ3UdcKM06v4j+S1lTcdWCmw+3g==",
			"dev": true
		},
		"node_modules/fast-deep-equal": {
			"version": "3.1.3",
			"resolved": "https://registry.npmjs.org/fast-deep-equal/-/fast-deep-equal-3.1.3.tgz",
			"integrity": "sha512-f3qQ9oQy9j2AhBe/H9VC91wLmKBCCU/gDOnKNAYG5hswO7BLKj09Hc5HYNz9cGI++xlpDCIgDaitVs03ATR84Q=="
		},
		"node_modules/mingo": {
			"version": "2.4.0",
			"resolved": "https://registry.npmjs.org/mingo/-/mingo-2.4.0.tgz",
			"integrity": "sha512-pGbTplItw6v/wuQuzoQ5/mnp9iLgngiwsmtPxyXgG3JJNm2zDnMBlx5mcZAeVfROHc+LI8VTaMzUdRFWDR+Ihg=="
		}
	},
	"dependencies": {
		"@types/node": {
			"version": "13.13.13",
			"resolved": "https://registry.npmjs.org/@types/node/-/node-13.13.13.tgz",
			"integrity": "sha512-UfvBE9oRCAJVzfR+3eWm/sdLFe/qroAPEXP3GPJ1SehQiEVgZT6NQZWYbPMiJ3UdcKM06v4j+S1lTcdWCmw+3g==",
			"dev": true
		},
		"fast-deep-equal": {
			"version": "3.1.3",
			"resolved": "https://registry.npmjs.org/fast-deep-equal/-/fast-deep-equal-3.1.3.tgz",
			"integrity": "sha512-f3qQ9oQy9j2AhBe/H9VC91wLmKBCCU/gDOnKNAYG5hswO7BLKj09Hc5HYNz9cGI++xlpDCIgDaitVs03ATR84Q=="
		},
		"mingo": {
			"version": "2.4.0",
			"resolved": "https://registry.npmjs.org/mingo/-/mingo-2.4.0.tgz",
			"integrity": "sha512-pGbTplItw6v/wuQuzoQ5/mnp9iLgngiwsmtPxyXgG3JJNm2zDnMBlx5mcZAeVfROHc+LI8VTaMzUdRFWDR+Ihg=="
		}
	}
}
