{
	"name": "@tashmet/nabu",
	"version": "2.0.0",
	"lockfileVersion": 2,
	"requires": true,
	"packages": {
		"": {
			"name": "@tashmet/nabu",
			"version": "2.0.0",
			"license": "MIT",
			"dependencies": {
				"@async-generators/to-array": "^0.1.0",
				"@types/glob-to-regexp": "^0.4.1",
				"eventemitter3": "^3.0.0",
				"glob-to-regexp": "^0.4.1",
				"minimatch": "^3.0.4"
			},
			"devDependencies": {
				"@types/dedent": "^0.7.0",
				"@types/minimatch": "^3.0.3",
				"dedent": "^0.7.0",
				"mock-fs": "^4.10.4"
			}
		},
		"../core": {
			"name": "@tashmet/core",
			"version": "1.0.2",
			"extraneous": true,
			"license": "MIT",
			"dependencies": {
				"reflect-metadata": "^0.1.13",
				"tslib": "^2.3.1"
			},
			"devDependencies": {
				"@types/node": "^13.1.8",
				"@types/reflect-metadata": "^0.1.0"
			}
		},
		"../engine": {
			"name": "@tashmet/engine",
			"version": "0.1.0",
			"extraneous": true,
			"license": "MIT",
			"dependencies": {
				"@tashmet/bridge": "^0.1.0",
				"@tashmet/core": "^1.0.2",
				"bson-objectid": "^1.3.0"
			},
			"devDependencies": {
				"@types/node": "^13.1.8",
				"tslib": "^2.3.1"
			}
		},
		"../memory": {
			"name": "@tashmet/memory",
			"version": "0.1.0",
			"extraneous": true,
			"license": "MIT",
			"dependencies": {
				"@tashmet/bridge": "^0.1.0",
				"@tashmet/core": "^1.0.2",
				"@tashmet/engine": "^0.1.0"
			},
			"devDependencies": {
				"@tashmet/mingo": "^1.0.0",
				"@types/node": "^13.1.8",
				"@types/reflect-metadata": "^0.1.0",
				"tslib": "^2.3.1"
			}
		},
		"../mingo": {
			"name": "@tashmet/mingo",
			"version": "1.0.0",
			"extraneous": true,
			"license": "MIT",
			"dependencies": {
				"bson-objectid": "^1.3.0",
				"eventemitter3": "^3.0.0",
				"mingo": "6.0.5"
			},
			"devDependencies": {
				"@types/node": "^13.1.8",
				"@types/reflect-metadata": "^0.1.0",
				"tslib": "^2.3.1"
			}
		},
		"../tashmet": {
			"name": "@tashmet/tashmet",
			"version": "1.4.0",
			"extraneous": true,
			"license": "MIT",
			"dependencies": {
				"@tashmet/bridge": "^0.1.0",
				"@tashmet/core": "^1.0.2",
				"@types/reflect-metadata": "^0.1.0"
			},
			"devDependencies": {
				"@types/node": "^13.1.8"
			}
		},
		"node_modules/@async-generators/iterable": {
			"version": "0.2.0",
			"resolved": "https://registry.npmjs.org/@async-generators/iterable/-/iterable-0.2.0.tgz",
			"integrity": "sha512-htzcjmn9tHrdJWIW2ura06SAN6ItDDcL3/yC5C7ClWS7hlju6DoXgK5RGeNXQrNK1lZ2JMOgAm12z5IoPub6Sg==",
			"engines": {
				"node": ">=8.5.0"
			}
		},
		"node_modules/@async-generators/to-array": {
			"version": "0.1.0",
			"resolved": "https://registry.npmjs.org/@async-generators/to-array/-/to-array-0.1.0.tgz",
			"integrity": "sha512-hGxQPzeEOBE6nhqLVK4QSqnjQohmMfy51s5Uu0XEoKy6vISBDPU1xNqY/3Rql8fMkP4FvW+zh0BMQ6OrBIAtqw==",
			"dependencies": {
				"@async-generators/iterable": "^0.2.0"
			},
			"engines": {
				"node": ">=8.5.0"
			}
		},
		"node_modules/@types/dedent": {
			"version": "0.7.0",
			"resolved": "https://registry.npmjs.org/@types/dedent/-/dedent-0.7.0.tgz",
			"integrity": "sha512-EGlKlgMhnLt/cM4DbUSafFdrkeJoC9Mvnj0PUCU7tFmTjMjNRT957kXCx0wYm3JuEq4o4ZsS5vG+NlkM2DMd2A==",
			"dev": true
		},
		"node_modules/@types/glob-to-regexp": {
			"version": "0.4.1",
			"resolved": "https://registry.npmjs.org/@types/glob-to-regexp/-/glob-to-regexp-0.4.1.tgz",
			"integrity": "sha512-S0mIukll6fbF0tvrKic/jj+jI8SHoSvGU+Cs95b/jzZEnBYCbj+7aJtQ9yeABuK3xP1okwA3jEH9qIRayijnvQ=="
		},
		"node_modules/@types/minimatch": {
			"version": "3.0.5",
			"resolved": "https://registry.npmjs.org/@types/minimatch/-/minimatch-3.0.5.tgz",
			"integrity": "sha512-Klz949h02Gz2uZCMGwDUSDS1YBlTdDDgbWHi+81l29tQALUtvz4rAYi5uoVhE5Lagoq6DeqAUlbrHvW/mXDgdQ==",
			"dev": true
		},
		"node_modules/balanced-match": {
			"version": "1.0.2",
			"resolved": "https://registry.npmjs.org/balanced-match/-/balanced-match-1.0.2.tgz",
			"integrity": "sha512-3oSeUO0TMV67hN1AmbXsK4yaqU7tjiHlbxRDZOpH0KW9+CeX4bRAaX0Anxt0tx2MrpRpWwQaPwIlISEJhYU5Pw=="
		},
		"node_modules/brace-expansion": {
			"version": "1.1.11",
			"resolved": "https://registry.npmjs.org/brace-expansion/-/brace-expansion-1.1.11.tgz",
			"integrity": "sha512-iCuPHDFgrHX7H2vEI/5xpz07zSHB00TpugqhmYtVmMO6518mCuRMoOYFldEBl0g187ufozdaHgWKcYFb61qGiA==",
			"dependencies": {
				"balanced-match": "^1.0.0",
				"concat-map": "0.0.1"
			}
		},
		"node_modules/concat-map": {
			"version": "0.0.1",
			"resolved": "https://registry.npmjs.org/concat-map/-/concat-map-0.0.1.tgz",
			"integrity": "sha512-/Srv4dswyQNBfohGpz9o6Yb3Gz3SrUDqBH5rTuhGR7ahtlbYKnVxw2bCFMRljaA7EXHaXZ8wsHdodFvbkhKmqg=="
		},
		"node_modules/dedent": {
			"version": "0.7.0",
			"resolved": "https://registry.npmjs.org/dedent/-/dedent-0.7.0.tgz",
			"integrity": "sha512-Q6fKUPqnAHAyhiUgFU7BUzLiv0kd8saH9al7tnu5Q/okj6dnupxyTgFIBjVzJATdfIAm9NAsvXNzjaKa+bxVyA==",
			"dev": true
		},
		"node_modules/eventemitter3": {
			"version": "3.1.2",
			"resolved": "https://registry.npmjs.org/eventemitter3/-/eventemitter3-3.1.2.tgz",
			"integrity": "sha512-tvtQIeLVHjDkJYnzf2dgVMxfuSGJeM/7UCG17TT4EumTfNtF+0nebF/4zWOIkCreAbtNqhGEboB6BWrwqNaw4Q=="
		},
		"node_modules/glob-to-regexp": {
			"version": "0.4.1",
			"resolved": "https://registry.npmjs.org/glob-to-regexp/-/glob-to-regexp-0.4.1.tgz",
			"integrity": "sha512-lkX1HJXwyMcprw/5YUZc2s7DrpAiHB21/V+E1rHUrVNokkvB6bqMzT0VfV6/86ZNabt1k14YOIaT7nDvOX3Iiw=="
		},
		"node_modules/minimatch": {
			"version": "3.1.2",
			"resolved": "https://registry.npmjs.org/minimatch/-/minimatch-3.1.2.tgz",
			"integrity": "sha512-J7p63hRiAjw1NDEww1W7i37+ByIrOWO5XQQAzZ3VOcL0PNybwpfmV/N05zFAzwQ9USyEcX6t3UO+K5aqBQOIHw==",
			"dependencies": {
				"brace-expansion": "^1.1.7"
			},
			"engines": {
				"node": "*"
			}
		},
		"node_modules/mock-fs": {
			"version": "4.14.0",
			"resolved": "https://registry.npmjs.org/mock-fs/-/mock-fs-4.14.0.tgz",
			"integrity": "sha512-qYvlv/exQ4+svI3UOvPUpLDF0OMX5euvUH0Ny4N5QyRyhNdgAgUrVH3iUINSzEPLvx0kbo/Bp28GJKIqvE7URw==",
			"dev": true
		}
	},
	"dependencies": {
		"@async-generators/iterable": {
			"version": "0.2.0",
			"resolved": "https://registry.npmjs.org/@async-generators/iterable/-/iterable-0.2.0.tgz",
			"integrity": "sha512-htzcjmn9tHrdJWIW2ura06SAN6ItDDcL3/yC5C7ClWS7hlju6DoXgK5RGeNXQrNK1lZ2JMOgAm12z5IoPub6Sg=="
		},
		"@async-generators/to-array": {
			"version": "0.1.0",
			"resolved": "https://registry.npmjs.org/@async-generators/to-array/-/to-array-0.1.0.tgz",
			"integrity": "sha512-hGxQPzeEOBE6nhqLVK4QSqnjQohmMfy51s5Uu0XEoKy6vISBDPU1xNqY/3Rql8fMkP4FvW+zh0BMQ6OrBIAtqw==",
			"requires": {
				"@async-generators/iterable": "^0.2.0"
			}
		},
		"@types/dedent": {
			"version": "0.7.0",
			"resolved": "https://registry.npmjs.org/@types/dedent/-/dedent-0.7.0.tgz",
			"integrity": "sha512-EGlKlgMhnLt/cM4DbUSafFdrkeJoC9Mvnj0PUCU7tFmTjMjNRT957kXCx0wYm3JuEq4o4ZsS5vG+NlkM2DMd2A==",
			"dev": true
		},
		"@types/glob-to-regexp": {
			"version": "0.4.1",
			"resolved": "https://registry.npmjs.org/@types/glob-to-regexp/-/glob-to-regexp-0.4.1.tgz",
			"integrity": "sha512-S0mIukll6fbF0tvrKic/jj+jI8SHoSvGU+Cs95b/jzZEnBYCbj+7aJtQ9yeABuK3xP1okwA3jEH9qIRayijnvQ=="
		},
		"@types/minimatch": {
			"version": "3.0.5",
			"resolved": "https://registry.npmjs.org/@types/minimatch/-/minimatch-3.0.5.tgz",
			"integrity": "sha512-Klz949h02Gz2uZCMGwDUSDS1YBlTdDDgbWHi+81l29tQALUtvz4rAYi5uoVhE5Lagoq6DeqAUlbrHvW/mXDgdQ==",
			"dev": true
		},
		"balanced-match": {
			"version": "1.0.2",
			"resolved": "https://registry.npmjs.org/balanced-match/-/balanced-match-1.0.2.tgz",
			"integrity": "sha512-3oSeUO0TMV67hN1AmbXsK4yaqU7tjiHlbxRDZOpH0KW9+CeX4bRAaX0Anxt0tx2MrpRpWwQaPwIlISEJhYU5Pw=="
		},
		"brace-expansion": {
			"version": "1.1.11",
			"resolved": "https://registry.npmjs.org/brace-expansion/-/brace-expansion-1.1.11.tgz",
			"integrity": "sha512-iCuPHDFgrHX7H2vEI/5xpz07zSHB00TpugqhmYtVmMO6518mCuRMoOYFldEBl0g187ufozdaHgWKcYFb61qGiA==",
			"requires": {
				"balanced-match": "^1.0.0",
				"concat-map": "0.0.1"
			}
		},
		"concat-map": {
			"version": "0.0.1",
			"resolved": "https://registry.npmjs.org/concat-map/-/concat-map-0.0.1.tgz",
			"integrity": "sha512-/Srv4dswyQNBfohGpz9o6Yb3Gz3SrUDqBH5rTuhGR7ahtlbYKnVxw2bCFMRljaA7EXHaXZ8wsHdodFvbkhKmqg=="
		},
		"dedent": {
			"version": "0.7.0",
			"resolved": "https://registry.npmjs.org/dedent/-/dedent-0.7.0.tgz",
			"integrity": "sha512-Q6fKUPqnAHAyhiUgFU7BUzLiv0kd8saH9al7tnu5Q/okj6dnupxyTgFIBjVzJATdfIAm9NAsvXNzjaKa+bxVyA==",
			"dev": true
		},
		"eventemitter3": {
			"version": "3.1.2",
			"resolved": "https://registry.npmjs.org/eventemitter3/-/eventemitter3-3.1.2.tgz",
			"integrity": "sha512-tvtQIeLVHjDkJYnzf2dgVMxfuSGJeM/7UCG17TT4EumTfNtF+0nebF/4zWOIkCreAbtNqhGEboB6BWrwqNaw4Q=="
		},
		"glob-to-regexp": {
			"version": "0.4.1",
			"resolved": "https://registry.npmjs.org/glob-to-regexp/-/glob-to-regexp-0.4.1.tgz",
			"integrity": "sha512-lkX1HJXwyMcprw/5YUZc2s7DrpAiHB21/V+E1rHUrVNokkvB6bqMzT0VfV6/86ZNabt1k14YOIaT7nDvOX3Iiw=="
		},
		"minimatch": {
			"version": "3.1.2",
			"resolved": "https://registry.npmjs.org/minimatch/-/minimatch-3.1.2.tgz",
			"integrity": "sha512-J7p63hRiAjw1NDEww1W7i37+ByIrOWO5XQQAzZ3VOcL0PNybwpfmV/N05zFAzwQ9USyEcX6t3UO+K5aqBQOIHw==",
			"requires": {
				"brace-expansion": "^1.1.7"
			}
		},
		"mock-fs": {
			"version": "4.14.0",
			"resolved": "https://registry.npmjs.org/mock-fs/-/mock-fs-4.14.0.tgz",
			"integrity": "sha512-qYvlv/exQ4+svI3UOvPUpLDF0OMX5euvUH0Ny4N5QyRyhNdgAgUrVH3iUINSzEPLvx0kbo/Bp28GJKIqvE7URw==",
			"dev": true
		}
	}
}
