{
	"name": "@tashmet/mingo",
	"version": "1.0.0",
	"lockfileVersion": 1,
	"requires": true,
	"dependencies": {
		"mingo": {
			"version": "6.0.5",
			"resolved": "https://registry.npmjs.org/mingo/-/mingo-6.0.5.tgz",
			"integrity": "sha512-jXtE0VDF/z3sbAACv+IoN7Df8ZKeqXJ9ZMH4WmV8IgvdInaUSHOmJ32RjG6svRq/2CMLOe5qoqvnj/Fj23TSRw=="
		}
	}
}
