{
  "name": "@tashmet/proxy",
  "version": "1.0.0-alpha.8",
  "lockfileVersion": 3,
  "requires": true,
  "packages": {
    "": {
      "name": "@tashmet/proxy",
      "version": "1.0.0-alpha.8",
      "license": "MIT",
      "dependencies": {
        "@tashmet/core": "^1.0.0-alpha.8",
        "@tashmet/tashmet": "^1.0.0-alpha.8",
        "socket.io-client": "^4.7.2"
      },
      "devDependencies": {
        "@types/node": "^20.5.3",
        "@types/reflect-metadata": "^0.1.0",
        "tslib": "^2.3.1"
      }
    },
    "../core": {
      "name": "@tashmet/core",
      "version": "1.0.0-alpha.0",
      "license": "MIT",
      "dependencies": {
        "reflect-metadata": "^0.1.13",
        "tslib": "^2.3.1"
      },
      "devDependencies": {
        "@types/node": "^20.5.3",
        "@types/reflect-metadata": "^0.1.0"
      }
    },
    "../core/node_modules/@types/node": {
      "version": "20.9.2",
      "dev": true,
      "license": "MIT",
      "dependencies": {
        "undici-types": "~5.26.4"
      }
    },
    "../core/node_modules/@types/reflect-metadata": {
      "version": "0.1.0",
      "dev": true,
      "license": "MIT",
      "dependencies": {
        "reflect-metadata": "*"
      }
    },
    "../core/node_modules/reflect-metadata": {
      "version": "0.1.13",
      "license": "Apache-2.0"
    },
    "../core/node_modules/tslib": {
      "version": "2.6.2",
      "license": "0BSD"
    },
    "../core/node_modules/undici-types": {
      "version": "5.26.5",
      "dev": true,
      "license": "MIT"
    },
    "../tashmet": {
      "name": "@tashmet/tashmet",
      "version": "1.0.0-alpha.3",
      "license": "MIT",
      "dependencies": {
        "@types/reflect-metadata": "^0.1.0",
        "bson-objectid": "^2.0.4",
        "eventemitter3": "^5.0.1"
      },
      "devDependencies": {
        "@types/node": "^20.5.3"
      }
    },
    "../tashmet/node_modules/@types/node": {
      "version": "20.9.2",
      "dev": true,
      "license": "MIT",
      "dependencies": {
        "undici-types": "~5.26.4"
      }
    },
    "../tashmet/node_modules/@types/reflect-metadata": {
      "version": "0.1.0",
      "license": "MIT",
      "dependencies": {
        "reflect-metadata": "*"
      }
    },
    "../tashmet/node_modules/bson-objectid": {
      "version": "2.0.4",
      "license": "Apache-2.0"
    },
    "../tashmet/node_modules/eventemitter3": {
      "version": "5.0.1",
      "license": "MIT"
    },
    "../tashmet/node_modules/reflect-metadata": {
      "version": "0.1.13",
      "license": "Apache-2.0"
    },
    "../tashmet/node_modules/undici-types": {
      "version": "5.26.5",
      "dev": true,
      "license": "MIT"
    },
    "node_modules/@socket.io/component-emitter": {
      "version": "3.1.0",
      "resolved": "https://registry.npmjs.org/@socket.io/component-emitter/-/component-emitter-3.1.0.tgz",
      "integrity": "sha512-+9jVqKhRSpsc591z5vX+X5Yyw+he/HCB4iQ/RYxw35CEPaY1gnsNE43nf9n9AaYjAQrTiI/mOwKUKdUs9vf7Xg=="
    },
    "node_modules/@tashmet/core": {
      "resolved": "../core",
      "link": true
    },
    "node_modules/@tashmet/tashmet": {
      "resolved": "../tashmet",
      "link": true
    },
    "node_modules/@types/node": {
      "version": "20.9.2",
      "resolved": "https://registry.npmjs.org/@types/node/-/node-20.9.2.tgz",
      "integrity": "sha512-WHZXKFCEyIUJzAwh3NyyTHYSR35SevJ6mZ1nWwJafKtiQbqRTIKSRcw3Ma3acqgsent3RRDqeVwpHntMk+9irg==",
      "dev": true,
      "dependencies": {
        "undici-types": "~5.26.4"
      }
    },
    "node_modules/@types/reflect-metadata": {
      "version": "0.1.0",
      "resolved": "https://registry.npmjs.org/@types/reflect-metadata/-/reflect-metadata-0.1.0.tgz",
      "integrity": "sha512-bXltFLY3qhzCnVYP5iUpeSICagQ8rc9K2liS+8M0lBcz54BHs3O6W5UvqespVSuebo1BXLi+/y9ioELAW9SC2A==",
      "deprecated": "This is a stub types definition for reflect-metadata (https://github.com/rbuckton/ReflectDecorators). reflect-metadata provides its own type definitions, so you don't need @types/reflect-metadata installed!",
      "dev": true,
      "dependencies": {
        "reflect-metadata": "*"
      }
    },
    "node_modules/debug": {
      "version": "4.3.4",
      "resolved": "https://registry.npmjs.org/debug/-/debug-4.3.4.tgz",
      "integrity": "sha512-PRWFHuSU3eDtQJPvnNY7Jcket1j0t5OuOsFzPPzsekD52Zl8qUfFIPEiswXqIvHWGVHOgX+7G/vCNNhehwxfkQ==",
      "dependencies": {
        "ms": "2.1.2"
      },
      "engines": {
        "node": ">=6.0"
      },
      "peerDependenciesMeta": {
        "supports-color": {
          "optional": true
        }
      }
    },
    "node_modules/engine.io-client": {
      "version": "6.5.3",
      "resolved": "https://registry.npmjs.org/engine.io-client/-/engine.io-client-6.5.3.tgz",
      "integrity": "sha512-9Z0qLB0NIisTRt1DZ/8U2k12RJn8yls/nXMZLn+/N8hANT3TcYjKFKcwbw5zFQiN4NTde3TSY9zb79e1ij6j9Q==",
      "dependencies": {
        "@socket.io/component-emitter": "~3.1.0",
        "debug": "~4.3.1",
        "engine.io-parser": "~5.2.1",
        "ws": "~8.11.0",
        "xmlhttprequest-ssl": "~2.0.0"
      }
    },
    "node_modules/engine.io-parser": {
      "version": "5.2.1",
      "resolved": "https://registry.npmjs.org/engine.io-parser/-/engine.io-parser-5.2.1.tgz",
      "integrity": "sha512-9JktcM3u18nU9N2Lz3bWeBgxVgOKpw7yhRaoxQA3FUDZzzw+9WlA6p4G4u0RixNkg14fH7EfEc/RhpurtiROTQ==",
      "engines": {
        "node": ">=10.0.0"
      }
    },
    "node_modules/ms": {
      "version": "2.1.2",
      "resolved": "https://registry.npmjs.org/ms/-/ms-2.1.2.tgz",
      "integrity": "sha512-sGkPx+VjMtmA6MX27oA4FBFELFCZZ4S4XqeGOXCv68tT+jb3vk/RyaKWP0PTKyWtmLSM0b+adUTEvbs1PEaH2w=="
    },
    "node_modules/reflect-metadata": {
      "version": "0.1.13",
      "dev": true,
      "license": "Apache-2.0"
    },
    "node_modules/socket.io-client": {
      "version": "4.7.2",
      "resolved": "https://registry.npmjs.org/socket.io-client/-/socket.io-client-4.7.2.tgz",
      "integrity": "sha512-vtA0uD4ibrYD793SOIAwlo8cj6haOeMHrGvwPxJsxH7CeIksqJ+3Zc06RvWTIFgiSqx4A3sOnTXpfAEE2Zyz6w==",
      "dependencies": {
        "@socket.io/component-emitter": "~3.1.0",
        "debug": "~4.3.2",
        "engine.io-client": "~6.5.2",
        "socket.io-parser": "~4.2.4"
      },
      "engines": {
        "node": ">=10.0.0"
      }
    },
    "node_modules/socket.io-parser": {
      "version": "4.2.4",
      "resolved": "https://registry.npmjs.org/socket.io-parser/-/socket.io-parser-4.2.4.tgz",
      "integrity": "sha512-/GbIKmo8ioc+NIWIhwdecY0ge+qVBSMdgxGygevmdHj24bsfgtCmcUUcQ5ZzcylGFHsN3k4HB4Cgkl96KVnuew==",
      "dependencies": {
        "@socket.io/component-emitter": "~3.1.0",
        "debug": "~4.3.1"
      },
      "engines": {
        "node": ">=10.0.0"
      }
    },
    "node_modules/tslib": {
      "version": "2.6.2",
      "resolved": "https://registry.npmjs.org/tslib/-/tslib-2.6.2.tgz",
      "integrity": "sha512-AEYxH93jGFPn/a2iVAwW87VuUIkR1FVUKB77NwMF7nBTDkDrrT/Hpt/IrCJ0QXhW27jTBDcf5ZY7w6RiqTMw2Q==",
      "dev": true
    },
    "node_modules/undici-types": {
      "version": "5.26.5",
      "resolved": "https://registry.npmjs.org/undici-types/-/undici-types-5.26.5.tgz",
      "integrity": "sha512-JlCMO+ehdEIKqlFxk6IfVoAUVmgz7cU7zD/h9XZ0qzeosSHmUJVOzSQvvYSYWXkFXC+IfLKSIffhv0sVZup6pA==",
      "dev": true
    },
    "node_modules/ws": {
      "version": "8.11.0",
      "resolved": "https://registry.npmjs.org/ws/-/ws-8.11.0.tgz",
      "integrity": "sha512-HPG3wQd9sNQoT9xHyNCXoDUa+Xw/VevmY9FoHyQ+g+rrMn4j6FB4np7Z0OhdTgjx6MgQLK7jwSy1YecU1+4Asg==",
      "engines": {
        "node": ">=10.0.0"
      },
      "peerDependencies": {
        "bufferutil": "^4.0.1",
        "utf-8-validate": "^5.0.2"
      },
      "peerDependenciesMeta": {
        "bufferutil": {
          "optional": true
        },
        "utf-8-validate": {
          "optional": true
        }
      }
    },
    "node_modules/xmlhttprequest-ssl": {
      "version": "2.0.0",
      "resolved": "https://registry.npmjs.org/xmlhttprequest-ssl/-/xmlhttprequest-ssl-2.0.0.tgz",
      "integrity": "sha512-QKxVRxiRACQcVuQEYFsI1hhkrMlrXHPegbbd1yn9UHOmRxY+si12nQYzri3vbzt8VdTTRviqcKxcyllFas5z2A==",
      "engines": {
        "node": ">=0.4.0"
      }
    }
  }
}
