{
	"name": "@tashmet/nabu-http",
	"version": "0.1.0",
	"lockfileVersion": 3,
	"requires": true,
	"packages": {
		"": {
			"name": "@tashmet/nabu-http",
			"version": "0.1.0",
			"license": "MIT",
			"dependencies": {
				"isomorphic-fetch": "^3.0.0"
			},
			"devDependencies": {
				"@types/reflect-metadata": "^0.1.0",
				"tslib": "^2.3.1"
			}
		},
		"..": {
			"name": "@tashmet/nabu",
			"version": "2.0.0",
			"extraneous": true,
			"license": "MIT",
			"dependencies": {
				"@async-generators/to-array": "^0.1.0",
				"@types/glob-to-regexp": "^0.4.1",
				"eventemitter3": "^3.0.0",
				"glob-to-regexp": "^0.4.1",
				"minimatch": "^3.0.4"
			},
			"devDependencies": {
				"@types/dedent": "^0.7.0",
				"@types/minimatch": "^3.0.3",
				"dedent": "^0.7.0",
				"mock-fs": "^4.10.4"
			}
		},
		"../../bridge": {
			"name": "@tashmet/bridge",
			"version": "0.1.0",
			"extraneous": true,
			"license": "MIT",
			"dependencies": {
				"@tashmet/core": "^1.0.2"
			},
			"devDependencies": {
				"@types/node": "^13.1.8",
				"@types/reflect-metadata": "^0.1.0",
				"tslib": "^2.3.1"
			}
		},
		"../../core": {
			"name": "@tashmet/core",
			"version": "1.0.2",
			"extraneous": true,
			"license": "MIT",
			"dependencies": {
				"reflect-metadata": "^0.1.13",
				"tslib": "^2.3.1"
			},
			"devDependencies": {
				"@types/node": "^13.1.8",
				"@types/reflect-metadata": "^0.1.0"
			}
		},
		"../../engine": {
			"name": "@tashmet/engine",
			"version": "0.1.0",
			"extraneous": true,
			"license": "MIT",
			"dependencies": {
				"@tashmet/bridge": "^0.1.0",
				"@tashmet/core": "^1.0.2",
				"bson-objectid": "^1.3.0"
			},
			"devDependencies": {
				"@types/node": "^13.1.8",
				"tslib": "^2.3.1"
			}
		},
		"../../memory": {
			"name": "@tashmet/memory",
			"version": "0.1.0",
			"extraneous": true,
			"license": "MIT",
			"dependencies": {
				"@tashmet/bridge": "^0.1.0",
				"@tashmet/core": "^1.0.2",
				"@tashmet/engine": "^0.1.0"
			},
			"devDependencies": {
				"@tashmet/mingo": "^1.0.0",
				"@types/node": "^13.1.8",
				"@types/reflect-metadata": "^0.1.0",
				"tslib": "^2.3.1"
			}
		},
		"../../tashmet": {
			"name": "@tashmet/tashmet",
			"version": "1.4.0",
			"extraneous": true,
			"license": "MIT",
			"dependencies": {
				"@tashmet/bridge": "^0.1.0",
				"@tashmet/core": "^1.0.2",
				"@types/reflect-metadata": "^0.1.0"
			},
			"devDependencies": {
				"@types/node": "^13.1.8"
			}
		},
		"node_modules/@types/reflect-metadata": {
			"version": "0.1.0",
			"resolved": "https://registry.npmjs.org/@types/reflect-metadata/-/reflect-metadata-0.1.0.tgz",
			"integrity": "sha512-bXltFLY3qhzCnVYP5iUpeSICagQ8rc9K2liS+8M0lBcz54BHs3O6W5UvqespVSuebo1BXLi+/y9ioELAW9SC2A==",
			"deprecated": "This is a stub types definition for reflect-metadata (https://github.com/rbuckton/ReflectDecorators). reflect-metadata provides its own type definitions, so you don't need @types/reflect-metadata installed!",
			"dev": true,
			"dependencies": {
				"reflect-metadata": "*"
			}
		},
		"node_modules/isomorphic-fetch": {
			"version": "3.0.0",
			"resolved": "https://registry.npmjs.org/isomorphic-fetch/-/isomorphic-fetch-3.0.0.tgz",
			"integrity": "sha512-qvUtwJ3j6qwsF3jLxkZ72qCgjMysPzDfeV240JHiGZsANBYd+EEuu35v7dfrJ9Up0Ak07D7GGSkGhCHTqg/5wA==",
			"dependencies": {
				"node-fetch": "^2.6.1",
				"whatwg-fetch": "^3.4.1"
			}
		},
		"node_modules/node-fetch": {
			"version": "2.7.0",
			"resolved": "https://registry.npmjs.org/node-fetch/-/node-fetch-2.7.0.tgz",
			"integrity": "sha512-c4FRfUm/dbcWZ7U+1Wq0AwCyFL+3nt2bEw05wfxSz+DWpWsitgmSgYmy2dQdWyKC1694ELPqMs/YzUSNozLt8A==",
			"dependencies": {
				"whatwg-url": "^5.0.0"
			},
			"engines": {
				"node": "4.x || >=6.0.0"
			},
			"peerDependencies": {
				"encoding": "^0.1.0"
			},
			"peerDependenciesMeta": {
				"encoding": {
					"optional": true
				}
			}
		},
		"node_modules/reflect-metadata": {
			"version": "0.1.13",
			"resolved": "https://registry.npmjs.org/reflect-metadata/-/reflect-metadata-0.1.13.tgz",
			"integrity": "sha512-Ts1Y/anZELhSsjMcU605fU9RE4Oi3p5ORujwbIKXfWa+0Zxs510Qrmrce5/Jowq3cHSZSJqBjypxmHarc+vEWg==",
			"dev": true
		},
		"node_modules/tr46": {
			"version": "0.0.3",
			"resolved": "https://registry.npmjs.org/tr46/-/tr46-0.0.3.tgz",
			"integrity": "sha512-N3WMsuqV66lT30CrXNbEjx4GEwlow3v6rr4mCcv6prnfwhS01rkgyFdjPNBYd9br7LpXV1+Emh01fHnq2Gdgrw=="
		},
		"node_modules/tslib": {
			"version": "2.6.2",
			"resolved": "https://registry.npmjs.org/tslib/-/tslib-2.6.2.tgz",
			"integrity": "sha512-AEYxH93jGFPn/a2iVAwW87VuUIkR1FVUKB77NwMF7nBTDkDrrT/Hpt/IrCJ0QXhW27jTBDcf5ZY7w6RiqTMw2Q==",
			"dev": true
		},
		"node_modules/webidl-conversions": {
			"version": "3.0.1",
			"resolved": "https://registry.npmjs.org/webidl-conversions/-/webidl-conversions-3.0.1.tgz",
			"integrity": "sha512-2JAn3z8AR6rjK8Sm8orRC0h/bcl/DqL7tRPdGZ4I1CjdF+EaMLmYxBHyXuKL849eucPFhvBoxMsflfOb8kxaeQ=="
		},
		"node_modules/whatwg-fetch": {
			"version": "3.6.19",
			"resolved": "https://registry.npmjs.org/whatwg-fetch/-/whatwg-fetch-3.6.19.tgz",
			"integrity": "sha512-d67JP4dHSbm2TrpFj8AbO8DnL1JXL5J9u0Kq2xW6d0TFDbCA3Muhdt8orXC22utleTVj7Prqt82baN6RBvnEgw=="
		},
		"node_modules/whatwg-url": {
			"version": "5.0.0",
			"resolved": "https://registry.npmjs.org/whatwg-url/-/whatwg-url-5.0.0.tgz",
			"integrity": "sha512-saE57nupxk6v3HY35+jzBwYa0rKSy0XR8JSxZPwgLr7ys0IBzhGviA1/TUGJLmSVqs8pb9AnvICXEuOHLprYTw==",
			"dependencies": {
				"tr46": "~0.0.3",
				"webidl-conversions": "^3.0.0"
			}
		}
	}
}
