{
	"name": "@ziqquratu/operators",
	"version": "0.1.0",
	"lockfileVersion": 2,
	"requires": true,
	"packages": {
		"": {
			"name": "@ziqquratu/operators",
			"version": "0.1.0",
			"license": "MIT",
			"devDependencies": {
				"@types/node": "^13.1.8",
				"mingo": "4.1.4"
			}
		},
		"node_modules/@types/node": {
			"version": "13.13.52",
			"resolved": "https://registry.npmjs.org/@types/node/-/node-13.13.52.tgz",
			"integrity": "sha512-s3nugnZumCC//n4moGGe6tkNMyYEdaDBitVjwPxXmR5lnMG5dHePinH2EdxkG3Rh1ghFHHixAG4NJhpJW1rthQ==",
			"dev": true
		},
		"node_modules/mingo": {
			"version": "4.1.4",
			"resolved": "https://registry.npmjs.org/mingo/-/mingo-4.1.4.tgz",
			"integrity": "sha512-Az1rWrQSoUegKAjzGXFU70Kxvb7xh5Ub2SXuVrQ439rpOKDZPiifGcnlsF6wd9EHXkUQR4Lo4WeClvZ7Y6eVPQ==",
			"dev": true
		}
	},
	"dependencies": {
		"@types/node": {
			"version": "13.13.52",
			"resolved": "https://registry.npmjs.org/@types/node/-/node-13.13.52.tgz",
			"integrity": "sha512-s3nugnZumCC//n4moGGe6tkNMyYEdaDBitVjwPxXmR5lnMG5dHePinH2EdxkG3Rh1ghFHHixAG4NJhpJW1rthQ==",
			"dev": true
		},
		"mingo": {
			"version": "4.1.4",
			"resolved": "https://registry.npmjs.org/mingo/-/mingo-4.1.4.tgz",
			"integrity": "sha512-Az1rWrQSoUegKAjzGXFU70Kxvb7xh5Ub2SXuVrQ439rpOKDZPiifGcnlsF6wd9EHXkUQR4Lo4WeClvZ7Y6eVPQ==",
			"dev": true
		}
	}
}
